#
# This file is autogenerated by pip-compile with Python 3.12
# by the following command:
#
#    pip-compile --output-file=requirements.lock requirements.txt
#
annotated-doc==0.0.4
    # via fastapi
annotated-types==0.7.0
    # via pydantic
anyio==4.13.0
    # via
    #   httpx
    #   starlette
certifi==2026.4.22
    # via
    #   httpcore
    #   httpx
click==8.3.3
    # via uvicorn
coverage[toml]==7.13.5
    # via pytest-cov
fastapi==0.136.0
    # via -r requirements.txt
h11==0.16.0
    # via
    #   httpcore
    #   uvicorn
httpcore==1.0.9
    # via httpx
httpx==0.28.1
    # via -r requirements.txt
idna==3.13
    # via
    #   anyio
    #   httpx
iniconfig==2.3.0
    # via pytest
packaging==26.1
    # via pytest
pluggy==1.6.0
    # via pytest
pydantic==2.13.3
    # via
    #   -r requirements.txt
    #   fastapi
pydantic-core==2.46.3
    # via pydantic
pygments==2.20.0
    # via pytest
pyjwt==2.12.1
    # via redis
pytest==8.4.2
    # via
    #   -r requirements.txt
    #   pytest-asyncio
    #   pytest-cov
pytest-asyncio==0.26.0
    # via -r requirements.txt
pytest-cov==5.0.0
    # via -r requirements.txt
python-dotenv==1.2.2
    # via -r requirements.txt
redis==5.3.1
    # via -r requirements.txt
starlette==1.0.0
    # via fastapi
typing-extensions==4.15.0
    # via
    #   anyio
    #   fastapi
    #   pydantic
    #   pydantic-core
    #   starlette
    #   typing-inspection
typing-inspection==0.4.2
    # via
    #   fastapi
    #   pydantic
uvicorn==0.45.0
    # via -r requirements.txt
